
Microsoft Visual Studio Solution File, Format Version 12.00
# Visual Studio Version 16
VisualStudioVersion = 16.0.31702.278
MinimumVisualStudioVersion = 10.0.40219.1
Project("{FAE04EC0-301F-11D3-BF4B-00C04F79EFBC}") = "Студент_комиссия", "Студент_комиссия\Студент_комиссия.csproj", "{2A19306E-7354-4028-B4C1-5C36A3B0CD48}"
EndProject
Global
	GlobalSection(SolutionConfigurationPlatforms) = preSolution
		Debug|Any CPU = Debug|Any CPU
		Release|Any CPU = Release|Any CPU
	EndGlobalSection
	GlobalSection(ProjectConfigurationPlatforms) = postSolution
		{2A19306E-7354-4028-B4C1-5C36A3B0CD48}.Debug|Any CPU.ActiveCfg = Debug|Any CPU
		{2A19306E-7354-4028-B4C1-5C36A3B0CD48}.Debug|Any CPU.Build.0 = Debug|Any CPU
		{2A19306E-7354-4028-B4C1-5C36A3B0CD48}.Release|Any CPU.ActiveCfg = Release|Any CPU
		{2A19306E-7354-4028-B4C1-5C36A3B0CD48}.Release|Any CPU.Build.0 = Release|Any CPU
	EndGlobalSection
	GlobalSection(SolutionProperties) = preSolution
		HideSolutionNode = FALSE
	EndGlobalSection
	GlobalSection(ExtensibilityGlobals) = postSolution
		SolutionGuid = {FEB0D593-DF1E-4096-9C7D-EF0ED42C8FB2}
	EndGlobalSection
EndGlobal
